
Microsoft Visual Studio Solution File, Format Version 12.00
# Visual Studio 15
VisualStudioVersion = 15.0.28307.1082
MinimumVisualStudioVersion = 10.0.40219.1
Project("{8BC9CEB8-8B4A-11D0-8D11-00A0C91BC942}") = "Pointers", "Pointers\Pointers.vcxproj", "{93FCB6C0-4D26-4510-BBE6-60B694587BC2}"
EndProject
Project("{8BC9CEB8-8B4A-11D0-8D11-00A0C91BC942}") = "Parameters", "Parameters\Parameters.vcxproj", "{CEF45758-1034-4937-A205-233F08D4A97B}"
EndProject
Project("{8BC9CEB8-8B4A-11D0-8D11-00A0C91BC942}") = "References", "References\References.vcxproj", "{CF6520CE-E040-4BF7-A04A-199C31BDA0CF}"
EndProject
Project("{8BC9CEB8-8B4A-11D0-8D11-00A0C91BC942}") = "DynamicMemory", "DynamicMemory\DynamicMemory.vcxproj", "{A4DB3A7E-0B78-4AA0-9642-7100FE5A8594}"
EndProject
Global
	GlobalSection(SolutionConfigurationPlatforms) = preSolution
		Debug|x64 = Debug|x64
		Debug|x86 = Debug|x86
		Release|x64 = Release|x64
		Release|x86 = Release|x86
	EndGlobalSection
	GlobalSection(ProjectConfigurationPlatforms) = postSolution
		{93FCB6C0-4D26-4510-BBE6-60B694587BC2}.Debug|x64.ActiveCfg = Debug|x64
		{93FCB6C0-4D26-4510-BBE6-60B694587BC2}.Debug|x64.Build.0 = Debug|x64
		{93FCB6C0-4D26-4510-BBE6-60B694587BC2}.Debug|x86.ActiveCfg = Debug|Win32
		{93FCB6C0-4D26-4510-BBE6-60B694587BC2}.Debug|x86.Build.0 = Debug|Win32
		{93FCB6C0-4D26-4510-BBE6-60B694587BC2}.Release|x64.ActiveCfg = Release|x64
		{93FCB6C0-4D26-4510-BBE6-60B694587BC2}.Release|x64.Build.0 = Release|x64
		{93FCB6C0-4D26-4510-BBE6-60B694587BC2}.Release|x86.ActiveCfg = Release|Win32
		{93FCB6C0-4D26-4510-BBE6-60B694587BC2}.Release|x86.Build.0 = Release|Win32
		{CEF45758-1034-4937-A205-233F08D4A97B}.Debug|x64.ActiveCfg = Debug|x64
		{CEF45758-1034-4937-A205-233F08D4A97B}.Debug|x64.Build.0 = Debug|x64
		{CEF45758-1034-4937-A205-233F08D4A97B}.Debug|x86.ActiveCfg = Debug|Win32
		{CEF45758-1034-4937-A205-233F08D4A97B}.Debug|x86.Build.0 = Debug|Win32
		{CEF45758-1034-4937-A205-233F08D4A97B}.Release|x64.ActiveCfg = Release|x64
		{CEF45758-1034-4937-A205-233F08D4A97B}.Release|x64.Build.0 = Release|x64
		{CEF45758-1034-4937-A205-233F08D4A97B}.Release|x86.ActiveCfg = Release|Win32
		{CEF45758-1034-4937-A205-233F08D4A97B}.Release|x86.Build.0 = Release|Win32
		{CF6520CE-E040-4BF7-A04A-199C31BDA0CF}.Debug|x64.ActiveCfg = Debug|x64
		{CF6520CE-E040-4BF7-A04A-199C31BDA0CF}.Debug|x64.Build.0 = Debug|x64
		{CF6520CE-E040-4BF7-A04A-199C31BDA0CF}.Debug|x86.ActiveCfg = Debug|Win32
		{CF6520CE-E040-4BF7-A04A-199C31BDA0CF}.Debug|x86.Build.0 = Debug|Win32
		{CF6520CE-E040-4BF7-A04A-199C31BDA0CF}.Release|x64.ActiveCfg = Release|x64
		{CF6520CE-E040-4BF7-A04A-199C31BDA0CF}.Release|x64.Build.0 = Release|x64
		{CF6520CE-E040-4BF7-A04A-199C31BDA0CF}.Release|x86.ActiveCfg = Release|Win32
		{CF6520CE-E040-4BF7-A04A-199C31BDA0CF}.Release|x86.Build.0 = Release|Win32
		{A4DB3A7E-0B78-4AA0-9642-7100FE5A8594}.Debug|x64.ActiveCfg = Debug|x64
		{A4DB3A7E-0B78-4AA0-9642-7100FE5A8594}.Debug|x64.Build.0 = Debug|x64
		{A4DB3A7E-0B78-4AA0-9642-7100FE5A8594}.Debug|x86.ActiveCfg = Debug|Win32
		{A4DB3A7E-0B78-4AA0-9642-7100FE5A8594}.Debug|x86.Build.0 = Debug|Win32
		{A4DB3A7E-0B78-4AA0-9642-7100FE5A8594}.Release|x64.ActiveCfg = Release|x64
		{A4DB3A7E-0B78-4AA0-9642-7100FE5A8594}.Release|x64.Build.0 = Release|x64
		{A4DB3A7E-0B78-4AA0-9642-7100FE5A8594}.Release|x86.ActiveCfg = Release|Win32
		{A4DB3A7E-0B78-4AA0-9642-7100FE5A8594}.Release|x86.Build.0 = Release|Win32
	EndGlobalSection
	GlobalSection(SolutionProperties) = preSolution
		HideSolutionNode = FALSE
	EndGlobalSection
	GlobalSection(ExtensibilityGlobals) = postSolution
		SolutionGuid = {6594D975-EF9C-446A-AB7E-21FC82E5C5F8}
	EndGlobalSection
EndGlobal
